
Microsoft Visual Studio Solution File, Format Version 12.00
# Visual Studio Version 17
VisualStudioVersion = 17.1.32328.378
MinimumVisualStudioVersion = 10.0.40219.1
Project("{FAE04EC0-301F-11D3-BF4B-00C04F79EFBC}") = "ProEvento.API", "ProEvento.API\ProEvento.API.csproj", "{7EC1442F-6D64-4D9F-9EFC-0818A08FB824}"
EndProject
Global
	GlobalSection(SolutionConfigurationPlatforms) = preSolution
		Debug|Any CPU = Debug|Any CPU
		Release|Any CPU = Release|Any CPU
	EndGlobalSection
	GlobalSection(ProjectConfigurationPlatforms) = postSolution
		{7EC1442F-6D64-4D9F-9EFC-0818A08FB824}.Debug|Any CPU.ActiveCfg = Debug|Any CPU
		{7EC1442F-6D64-4D9F-9EFC-0818A08FB824}.Debug|Any CPU.Build.0 = Debug|Any CPU
		{7EC1442F-6D64-4D9F-9EFC-0818A08FB824}.Release|Any CPU.ActiveCfg = Release|Any CPU
		{7EC1442F-6D64-4D9F-9EFC-0818A08FB824}.Release|Any CPU.Build.0 = Release|Any CPU
	EndGlobalSection
	GlobalSection(SolutionProperties) = preSolution
		HideSolutionNode = FALSE
	EndGlobalSection
	GlobalSection(ExtensibilityGlobals) = postSolution
		SolutionGuid = {B789D459-B454-46C1-B759-E7BD4834A17D}
	EndGlobalSection
EndGlobal
